// !$*UTF8*$!
{
 archiveVersion = 1; classes = { }; objectVersion = 56;
 objects = {
		6F1ED91DED944D4DA15FE6AE /* DashcamApp.swift */ = {isa = PBXFileReference; lastKnownFileType = sourcecode.swift; path = DashcamApp.swift; sourceTree = "<group>"; };
		F7B27D8ED15074D2175AC412 /* ContentView.swift */ = {isa = PBXFileReference; lastKnownFileType = sourcecode.swift; path = ContentView.swift; sourceTree = "<group>"; };
		8B6F7C06008D579F2C3CB43C /* ClipExportService.swift */ = {isa = PBXFileReference; lastKnownFileType = sourcecode.swift; path = ClipExportService.swift; sourceTree = "<group>"; };
		2E34790274D30BE9D306C514 /* DeveloperSimulation.swift */ = {isa = PBXFileReference; lastKnownFileType = sourcecode.swift; path = DeveloperSimulation.swift; sourceTree = "<group>"; };
		7E0E166CB6CDCBF0160F72AC /* CameraCaptureService.swift */ = {isa = PBXFileReference; lastKnownFileType = sourcecode.swift; path = CameraCaptureService.swift; sourceTree = "<group>"; };
		A5B4D51D8FC78A4C4976F90C /* SegmentWriter.swift */ = {isa = PBXFileReference; lastKnownFileType = sourcecode.swift; path = SegmentWriter.swift; sourceTree = "<group>"; };
		48E6D800CE0C50941BB50D1B /* RecordingStore.swift */ = {isa = PBXFileReference; lastKnownFileType = sourcecode.swift; path = RecordingStore.swift; sourceTree = "<group>"; };
		C5A17BD6C9F3E11878B69D76 /* RetentionPolicy.c */ = {isa = PBXFileReference; lastKnownFileType = sourcecode.c.c; path = RetentionPolicy.c; sourceTree = "<group>"; };
		9962B9BC8D12B67C71426C60 /* RecordingStoreTests.swift */ = {isa = PBXFileReference; lastKnownFileType = sourcecode.swift; path = RecordingStoreTests.swift; sourceTree = "<group>"; };
		F2236FFE6D3DE35DE86AFE36 /* SegmentWriterTests.swift */ = {isa = PBXFileReference; lastKnownFileType = sourcecode.swift; path = SegmentWriterTests.swift; sourceTree = "<group>"; };
		941ED431CB495F8F093D87C8 /* PrivacyInfo.xcprivacy */ = {isa = PBXFileReference; lastKnownFileType = text.xml; path = PrivacyInfo.xcprivacy; sourceTree = "<group>"; };
		7F8302A637973A5C4CB0D16B /* Assets.xcassets */ = {isa = PBXFileReference; lastKnownFileType = folder.assetcatalog; path = Assets.xcassets; sourceTree = "<group>"; };
		B8FE297F370B8035FCD85AED /* Info.plist */ = {isa = PBXFileReference; lastKnownFileType = text.plist.xml; path = Info.plist; sourceTree = "<group>"; };
		46E51C2C06BFB027FDA4AF6F /* Dashcam-Bridging-Header.h */ = {isa = PBXFileReference; lastKnownFileType = sourcecode.c.h; path = Dashcam-Bridging-Header.h; sourceTree = "<group>"; };
		599FB7A6C9EFD9E2C81FA09A /* RetentionPolicy.h */ = {isa = PBXFileReference; lastKnownFileType = sourcecode.c.h; path = RetentionPolicy.h; sourceTree = "<group>"; };
		5C4F084079C16CDF2408B5EE /* DashcamApp.swift */ = {isa = PBXBuildFile; fileRef = 6F1ED91DED944D4DA15FE6AE /* DashcamApp.swift */; };
		1709AE3773A13D065D739B95 /* ContentView.swift */ = {isa = PBXBuildFile; fileRef = F7B27D8ED15074D2175AC412 /* ContentView.swift */; };
		B4165F0BC73D07DEF4159971 /* ClipExportService.swift */ = {isa = PBXBuildFile; fileRef = 8B6F7C06008D579F2C3CB43C /* ClipExportService.swift */; };
		18177F3237AA11B6C6402ABE /* DeveloperSimulation.swift */ = {isa = PBXBuildFile; fileRef = 2E34790274D30BE9D306C514 /* DeveloperSimulation.swift */; };
		E026E77DDA0824B94B3EE18E /* CameraCaptureService.swift */ = {isa = PBXBuildFile; fileRef = 7E0E166CB6CDCBF0160F72AC /* CameraCaptureService.swift */; };
		749AB8F1D9AFBD5CE4F883DC /* SegmentWriter.swift */ = {isa = PBXBuildFile; fileRef = A5B4D51D8FC78A4C4976F90C /* SegmentWriter.swift */; };
		5FE7B68082512653AFCE707B /* RecordingStore.swift */ = {isa = PBXBuildFile; fileRef = 48E6D800CE0C50941BB50D1B /* RecordingStore.swift */; };
		BF5297D9FE12A60204407C94 /* RetentionPolicy.c */ = {isa = PBXBuildFile; fileRef = C5A17BD6C9F3E11878B69D76 /* RetentionPolicy.c */; };
		2B4BFF689DCA3C6D9BB13791 /* RecordingStoreTests.swift */ = {isa = PBXBuildFile; fileRef = 9962B9BC8D12B67C71426C60 /* RecordingStoreTests.swift */; };
		A3E74D83A6F2CBDCFB689CCD /* SegmentWriterTests.swift */ = {isa = PBXBuildFile; fileRef = F2236FFE6D3DE35DE86AFE36 /* SegmentWriterTests.swift */; };
		36243C70F7A4B62D66CAF2F7 /* PrivacyInfo.xcprivacy */ = {isa = PBXBuildFile; fileRef = 941ED431CB495F8F093D87C8 /* PrivacyInfo.xcprivacy */; };
		9AED699FD5769A5F040ECA42 /* Assets.xcassets */ = {isa = PBXBuildFile; fileRef = 7F8302A637973A5C4CB0D16B /* Assets.xcassets */; };
		8A20BF3661497812C200E947 /* App */ = {isa = PBXGroup; children = ( 6F1ED91DED944D4DA15FE6AE /* DashcamApp.swift */, F7B27D8ED15074D2175AC412 /* ContentView.swift */, 8B6F7C06008D579F2C3CB43C /* ClipExportService.swift */, 2E34790274D30BE9D306C514 /* DeveloperSimulation.swift */, 7E0E166CB6CDCBF0160F72AC /* CameraCaptureService.swift */, A5B4D51D8FC78A4C4976F90C /* SegmentWriter.swift */, 941ED431CB495F8F093D87C8 /* PrivacyInfo.xcprivacy */, 7F8302A637973A5C4CB0D16B /* Assets.xcassets */, B8FE297F370B8035FCD85AED /* Info.plist */, 46E51C2C06BFB027FDA4AF6F /* Dashcam-Bridging-Header.h */, ); path = App; sourceTree = "<group>"; };
		5D203E5A40E81C29DC206242 /* Core */ = {isa = PBXGroup; children = ( 48E6D800CE0C50941BB50D1B /* RecordingStore.swift */, C5A17BD6C9F3E11878B69D76 /* RetentionPolicy.c */, 599FB7A6C9EFD9E2C81FA09A /* RetentionPolicy.h */, ); path = Core; sourceTree = "<group>"; };
		A6FE248EFD07BCA7B74E8BE8 /* Tests */ = {isa = PBXGroup; children = ( 9962B9BC8D12B67C71426C60 /* RecordingStoreTests.swift */, F2236FFE6D3DE35DE86AFE36 /* SegmentWriterTests.swift */, ); path = Tests; sourceTree = "<group>"; };
		2F374163B922BF9B231249E6 /* main */ = {isa = PBXGroup; children = ( 8A20BF3661497812C200E947 /* App */, 5D203E5A40E81C29DC206242 /* Core */, A6FE248EFD07BCA7B74E8BE8 /* Tests */, A6610CF3442D7C743F104977 /* app */, F7D3CBB2AA2CD7779315D4A8 /* tests */, ); sourceTree = "<group>"; };
		A6610CF3442D7C743F104977 /* app */ = {isa = PBXFileReference; explicitFileType = wrapper.application; includeInIndex = 0; path = Dashcam.app; sourceTree = BUILT_PRODUCTS_DIR; };
		F7D3CBB2AA2CD7779315D4A8 /* tests */ = {isa = PBXFileReference; explicitFileType = wrapper.cfbundle; includeInIndex = 0; path = DashcamTests.xctest; sourceTree = BUILT_PRODUCTS_DIR; };
		2E53B5E1C270EEA72051C374 /* app-sources */ = {isa = PBXSourcesBuildPhase; buildActionMask = 2147483647; files = ( 5C4F084079C16CDF2408B5EE /* DashcamApp.swift */, 1709AE3773A13D065D739B95 /* ContentView.swift */, B4165F0BC73D07DEF4159971 /* ClipExportService.swift */, 18177F3237AA11B6C6402ABE /* DeveloperSimulation.swift */, E026E77DDA0824B94B3EE18E /* CameraCaptureService.swift */, 749AB8F1D9AFBD5CE4F883DC /* SegmentWriter.swift */, 5FE7B68082512653AFCE707B /* RecordingStore.swift */, BF5297D9FE12A60204407C94 /* RetentionPolicy.c */, ); runOnlyForDeploymentPostprocessing = 0; };
		CF6AEEAB881D852D9C98F124 /* test-sources */ = {isa = PBXSourcesBuildPhase; buildActionMask = 2147483647; files = ( 2B4BFF689DCA3C6D9BB13791 /* RecordingStoreTests.swift */, A3E74D83A6F2CBDCFB689CCD /* SegmentWriterTests.swift */, ); runOnlyForDeploymentPostprocessing = 0; };
		C1F127D502D632F4E80522FA /* app-resources */ = {isa = PBXResourcesBuildPhase; buildActionMask = 2147483647; files = ( 36243C70F7A4B62D66CAF2F7 /* PrivacyInfo.xcprivacy */, 9AED699FD5769A5F040ECA42 /* Assets.xcassets */, ); runOnlyForDeploymentPostprocessing = 0; };
		D831EE3EC182FDC8E6D4D4AE /* tests-app */ = {isa = PBXTargetDependency; target = CBC952A317FEC33ACBCCDD11 /* app */; targetProxy = E18A5060ADB13DFF8525CFAE /* tests-app */; };
		E18A5060ADB13DFF8525CFAE /* tests-app */ = {isa = PBXContainerItemProxy; containerPortal = 3C91E95CE9FFE5772A578DF1 /* project */; proxyType = 1; remoteGlobalIDString = CBC952A317FEC33ACBCCDD11; remoteInfo = Dashcam; };
		CBC952A317FEC33ACBCCDD11 /* app */ = {isa = PBXNativeTarget; buildConfigurationList = 37A3C0A8858616ABB917903B /* app */; buildPhases = ( 2E53B5E1C270EEA72051C374 /* app-sources */, C1F127D502D632F4E80522FA /* app-resources */, ); buildRules = ( ); dependencies = ( ); name = Dashcam; productName = Dashcam; productReference = A6610CF3442D7C743F104977 /* app */; productType = "com.apple.product-type.application"; };
		CCEEFCD429185867C93373FD /* tests */ = {isa = PBXNativeTarget; buildConfigurationList = B275310401A701F4374CD8F1 /* tests */; buildPhases = ( CF6AEEAB881D852D9C98F124 /* test-sources */, ); buildRules = ( ); dependencies = ( D831EE3EC182FDC8E6D4D4AE /* tests-app */, ); name = DashcamTests; productName = DashcamTests; productReference = F7D3CBB2AA2CD7779315D4A8 /* tests */; productType = "com.apple.product-type.bundle.unit-test"; };
		3C91E95CE9FFE5772A578DF1 /* project */ = {isa = PBXProject; attributes = { BuildIndependentTargetsInParallel = YES; LastUpgradeCheck = 1600; TargetAttributes = { CBC952A317FEC33ACBCCDD11 = { CreatedOnToolsVersion = 16.0; }; CCEEFCD429185867C93373FD = { CreatedOnToolsVersion = 16.0; TestTargetID = CBC952A317FEC33ACBCCDD11; }; }; }; buildConfigurationList = 336A2C80EDBA1882A7EE8158 /* project */; compatibilityVersion = "Xcode 14.0"; developmentRegion = en; hasScannedForEncodings = 0; knownRegions = (en, Base); mainGroup = 2F374163B922BF9B231249E6 /* main */; productRefGroup = 2F374163B922BF9B231249E6 /* main */; projectDirPath = ""; projectRoot = ""; targets = ( CBC952A317FEC33ACBCCDD11 /* app */, CCEEFCD429185867C93373FD /* tests */, ); };
		C5F7F34C3711A67233967943 /* Debug */ = {isa = XCBuildConfiguration; buildSettings = { ALWAYS_SEARCH_USER_PATHS = NO; CLANG_ENABLE_MODULES = YES; CLANG_ENABLE_OBJC_ARC = YES; CLANG_WARN_DOCUMENTATION_COMMENTS = YES; DEBUG_INFORMATION_FORMAT = dwarf; ENABLE_TESTABILITY = YES; GCC_C_LANGUAGE_STANDARD = gnu11; GCC_OPTIMIZATION_LEVEL = 0; IPHONEOS_DEPLOYMENT_TARGET = 17.0; SDKROOT = iphoneos; SWIFT_ACTIVE_COMPILATION_CONDITIONS = DEBUG; SWIFT_OPTIMIZATION_LEVEL = -Onone; SWIFT_VERSION = 5.0; TARGETED_DEVICE_FAMILY = 1; }; name = Debug; };
		154449A6DE33AE80DAEE797E /* Release */ = {isa = XCBuildConfiguration; buildSettings = { ALWAYS_SEARCH_USER_PATHS = NO; CLANG_ENABLE_MODULES = YES; CLANG_ENABLE_OBJC_ARC = YES; CLANG_WARN_DOCUMENTATION_COMMENTS = YES; DEBUG_INFORMATION_FORMAT = dwarf-with-dsym; ENABLE_TESTABILITY = NO; GCC_C_LANGUAGE_STANDARD = gnu11; GCC_OPTIMIZATION_LEVEL = s; IPHONEOS_DEPLOYMENT_TARGET = 17.0; SDKROOT = iphoneos; SWIFT_ACTIVE_COMPILATION_CONDITIONS = ""; SWIFT_OPTIMIZATION_LEVEL = -O; SWIFT_VERSION = 5.0; TARGETED_DEVICE_FAMILY = 1; }; name = Release; };
		336A2C80EDBA1882A7EE8158 /* project */ = {isa = XCConfigurationList; buildConfigurations = ( C5F7F34C3711A67233967943 /* Debug */, 154449A6DE33AE80DAEE797E /* Release */, ); defaultConfigurationIsVisible = 0; defaultConfigurationName = Release; };
		3AA660A5209122533093135D /* Debug */ = {isa = XCBuildConfiguration; buildSettings = { ASSETCATALOG_COMPILER_APPICON_NAME = AppIcon; CLANG_ENABLE_MODULES = YES; CODE_SIGN_STYLE = Automatic; CURRENT_PROJECT_VERSION = 1; GENERATE_INFOPLIST_FILE = NO; HEADER_SEARCH_PATHS = ( "$(PROJECT_DIR)/Core", ); INFOPLIST_FILE = App/Info.plist; MARKETING_VERSION = 0.1.0; PRODUCT_BUNDLE_IDENTIFIER = com.daz.dashcam.dev; PRODUCT_NAME = "$(TARGET_NAME)"; SUPPORTED_PLATFORMS = "iphoneos iphonesimulator"; SWIFT_EMIT_LOC_STRINGS = YES; SWIFT_OBJC_BRIDGING_HEADER = App/Dashcam-Bridging-Header.h; }; name = Debug; };
		8A4E59BE00AAFBC7A807380F /* Release */ = {isa = XCBuildConfiguration; buildSettings = { ASSETCATALOG_COMPILER_APPICON_NAME = AppIcon; CLANG_ENABLE_MODULES = YES; CODE_SIGN_STYLE = Automatic; CURRENT_PROJECT_VERSION = 1; GENERATE_INFOPLIST_FILE = NO; HEADER_SEARCH_PATHS = ( "$(PROJECT_DIR)/Core", ); INFOPLIST_FILE = App/Info.plist; MARKETING_VERSION = 0.1.0; PRODUCT_BUNDLE_IDENTIFIER = com.daz.dashcam.dev; PRODUCT_NAME = "$(TARGET_NAME)"; SUPPORTED_PLATFORMS = "iphoneos iphonesimulator"; SWIFT_EMIT_LOC_STRINGS = YES; SWIFT_OBJC_BRIDGING_HEADER = App/Dashcam-Bridging-Header.h; }; name = Release; };
		37A3C0A8858616ABB917903B /* app */ = {isa = XCConfigurationList; buildConfigurations = ( 3AA660A5209122533093135D /* Debug */, 8A4E59BE00AAFBC7A807380F /* Release */, ); defaultConfigurationIsVisible = 0; defaultConfigurationName = Release; };
		88795D1E55A062B663F5D56A /* Debug */ = {isa = XCBuildConfiguration; buildSettings = { BUNDLE_LOADER = "$(TEST_HOST)"; CODE_SIGN_STYLE = Automatic; GENERATE_INFOPLIST_FILE = YES; PRODUCT_BUNDLE_IDENTIFIER = com.daz.dashcam.dev.tests; PRODUCT_NAME = "$(TARGET_NAME)"; SWIFT_VERSION = 5.0; TEST_HOST = "$(BUILT_PRODUCTS_DIR)/Dashcam.app/Dashcam"; TEST_TARGET_NAME = Dashcam; }; name = Debug; };
		3E4DD89BA22A25207DD9331D /* Release */ = {isa = XCBuildConfiguration; buildSettings = { BUNDLE_LOADER = "$(TEST_HOST)"; CODE_SIGN_STYLE = Automatic; GENERATE_INFOPLIST_FILE = YES; PRODUCT_BUNDLE_IDENTIFIER = com.daz.dashcam.dev.tests; PRODUCT_NAME = "$(TARGET_NAME)"; SWIFT_VERSION = 5.0; TEST_HOST = "$(BUILT_PRODUCTS_DIR)/Dashcam.app/Dashcam"; TEST_TARGET_NAME = Dashcam; }; name = Release; };
		B275310401A701F4374CD8F1 /* tests */ = {isa = XCConfigurationList; buildConfigurations = ( 88795D1E55A062B663F5D56A /* Debug */, 3E4DD89BA22A25207DD9331D /* Release */, ); defaultConfigurationIsVisible = 0; defaultConfigurationName = Release; };
	};
 rootObject = 3C91E95CE9FFE5772A578DF1 /* project */;
}
